
Microsoft Visual Studio Solution File, Format Version 12.00
# Visual Studio 15
VisualStudioVersion = 15.0.27130.2027
MinimumVisualStudioVersion = 10.0.40219.1
Project("{FAE04EC0-301F-11D3-BF4B-00C04F79EFBC}") = "MV Media Player", "MV Media Player\MV Media Player.csproj", "{3621B8AA-5EFB-413B-A947-592363F586FB}"
EndProject
Global
	GlobalSection(SolutionConfigurationPlatforms) = preSolution
		Debug|Any CPU = Debug|Any CPU
		Release|Any CPU = Release|Any CPU
	EndGlobalSection
	GlobalSection(ProjectConfigurationPlatforms) = postSolution
		{3621B8AA-5EFB-413B-A947-592363F586FB}.Debug|Any CPU.ActiveCfg = Debug|Any CPU
		{3621B8AA-5EFB-413B-A947-592363F586FB}.Debug|Any CPU.Build.0 = Debug|Any CPU
		{3621B8AA-5EFB-413B-A947-592363F586FB}.Release|Any CPU.ActiveCfg = Release|Any CPU
		{3621B8AA-5EFB-413B-A947-592363F586FB}.Release|Any CPU.Build.0 = Release|Any CPU
	EndGlobalSection
	GlobalSection(SolutionProperties) = preSolution
		HideSolutionNode = FALSE
	EndGlobalSection
	GlobalSection(ExtensibilityGlobals) = postSolution
		SolutionGuid = {DEF02B97-21EA-421E-8191-672A8CA710A8}
	EndGlobalSection
EndGlobal
